{
  "name": "样式测试",
  "lockfileVersion": 3,
  "requires": true,
  "packages": {
    "": {
      "dependencies": {
        "@vant/area-data": "^1.5.1",
        "@vant/weapp": "^1.11.1",
        "yarn": "^1.22.21"
      }
    },
    "node_modules/@vant/area-data": {
      "version": "1.5.1",
      "resolved": "https://registry.npmmirror.com/@vant/area-data/-/area-data-1.5.1.tgz",
      "integrity": "sha512-gR5TPEzTbxN1cTK1aDhCoyikSCLX7DAacxyXoKyI4SAsYYTZrDl/nLgQFIm9vLsvWzlPIda8xV8/U3x7M9k6ww=="
    },
    "node_modules/@vant/weapp": {
      "version": "1.11.1",
      "resolved": "https://registry.npmmirror.com/@vant/weapp/-/weapp-1.11.1.tgz",
      "integrity": "sha512-2QddSq3MsozbTBAgEmW1rhzsEJNWPF2VS427M5pOOn0a7/f6lW+tymwdTcOQCzQONavhFwBv6Lebbs/UjE3Yig=="
    },
    "node_modules/yarn": {
      "version": "1.22.21",
      "resolved": "https://registry.npmmirror.com/yarn/-/yarn-1.22.21.tgz",
      "integrity": "sha512-ynXaJsADJ9JiZ84zU25XkPGOvVMmZ5b7tmTSpKURYwgELdjucAOydqIOrOfTxVYcNXe91xvLZwcRh68SR3liCg==",
      "hasInstallScript": true,
      "bin": {
        "yarn": "bin/yarn.js",
        "yarnpkg": "bin/yarn.js"
      },
      "engines": {
        "node": ">=4.0.0"
      }
    }
  }
}
